[root]
name = "rust-cookbook"
version = "0.1.0"
dependencies = [
 "byteorder 1.0.0 (registry+https://github.com/rust-lang/crates.io-index)",
 "error-chain 0.8.1 (registry+https://github.com/rust-lang/crates.io-index)",
 "json 0.11.5 (registry+https://github.com/rust-lang/crates.io-index)",
 "rand 0.3.15 (registry+https://github.com/rust-lang/crates.io-index)",
 "serde_derive 0.9.9 (registry+https://github.com/rust-lang/crates.io-index)",
 "skeptic 0.7.0 (registry+https://github.com/rust-lang/crates.io-index)",
 "toml 0.3.0 (registry+https://github.com/rust-lang/crates.io-index)",
]

[[package]]
name = "backtrace"
version = "0.3.0"
source = "registry+https://github.com/rust-lang/crates.io-index"
dependencies = [
 "backtrace-sys 0.1.10 (registry+https://github.com/rust-lang/crates.io-index)",
 "cfg-if 0.1.0 (registry+https://github.com/rust-lang/crates.io-index)",
 "dbghelp-sys 0.2.0 (registry+https://github.com/rust-lang/crates.io-index)",
 "kernel32-sys 0.2.2 (registry+https://github.com/rust-lang/crates.io-index)",
 "libc 0.2.20 (registry+https://github.com/rust-lang/crates.io-index)",
 "rustc-demangle 0.1.3 (registry+https://github.com/rust-lang/crates.io-index)",
 "winapi 0.2.8 (registry+https://github.com/rust-lang/crates.io-index)",
]

[[package]]
name = "backtrace-sys"
version = "0.1.10"
source = "registry+https://github.com/rust-lang/crates.io-index"
dependencies = [
 "gcc 0.3.43 (registry+https://github.com/rust-lang/crates.io-index)",
 "libc 0.2.20 (registry+https://github.com/rust-lang/crates.io-index)",
]

[[package]]
name = "bitflags"
version = "0.5.0"
source = "registry+https://github.com/rust-lang/crates.io-index"

[[package]]
name = "byteorder"
version = "1.0.0"
source = "registry+https://github.com/rust-lang/crates.io-index"

[[package]]
name = "cfg-if"
version = "0.1.0"
source = "registry+https://github.com/rust-lang/crates.io-index"

[[package]]
name = "dbghelp-sys"
version = "0.2.0"
source = "registry+https://github.com/rust-lang/crates.io-index"
dependencies = [
 "winapi 0.2.8 (registry+https://github.com/rust-lang/crates.io-index)",
 "winapi-build 0.1.1 (registry+https://github.com/rust-lang/crates.io-index)",
]

[[package]]
name = "error-chain"
version = "0.8.1"
source = "registry+https://github.com/rust-lang/crates.io-index"
dependencies = [
 "backtrace 0.3.0 (registry+https://github.com/rust-lang/crates.io-index)",
]

[[package]]
name = "gcc"
version = "0.3.43"
source = "registry+https://github.com/rust-lang/crates.io-index"

[[package]]
name = "getopts"
version = "0.2.14"
source = "registry+https://github.com/rust-lang/crates.io-index"

[[package]]
name = "json"
version = "0.11.5"
source = "registry+https://github.com/rust-lang/crates.io-index"

[[package]]
name = "kernel32-sys"
version = "0.2.2"
source = "registry+https://github.com/rust-lang/crates.io-index"
dependencies = [
 "winapi 0.2.8 (registry+https://github.com/rust-lang/crates.io-index)",
 "winapi-build 0.1.1 (registry+https://github.com/rust-lang/crates.io-index)",
]

[[package]]
name = "libc"
version = "0.2.20"
source = "registry+https://github.com/rust-lang/crates.io-index"

[[package]]
name = "pulldown-cmark"
version = "0.0.8"
source = "registry+https://github.com/rust-lang/crates.io-index"
dependencies = [
 "bitflags 0.5.0 (registry+https://github.com/rust-lang/crates.io-index)",
 "getopts 0.2.14 (registry+https://github.com/rust-lang/crates.io-index)",
]

[[package]]
name = "quote"
version = "0.3.13"
source = "registry+https://github.com/rust-lang/crates.io-index"

[[package]]
name = "rand"
version = "0.3.15"
source = "registry+https://github.com/rust-lang/crates.io-index"
dependencies = [
 "libc 0.2.20 (registry+https://github.com/rust-lang/crates.io-index)",
]

[[package]]
name = "rustc-demangle"
version = "0.1.3"
source = "registry+https://github.com/rust-lang/crates.io-index"

[[package]]
name = "serde"
version = "0.9.9"
source = "registry+https://github.com/rust-lang/crates.io-index"

[[package]]
name = "serde_codegen_internals"
version = "0.14.0"
source = "registry+https://github.com/rust-lang/crates.io-index"
dependencies = [
 "syn 0.11.6 (registry+https://github.com/rust-lang/crates.io-index)",
]

[[package]]
name = "serde_derive"
version = "0.9.9"
source = "registry+https://github.com/rust-lang/crates.io-index"
dependencies = [
 "quote 0.3.13 (registry+https://github.com/rust-lang/crates.io-index)",
 "serde_codegen_internals 0.14.0 (registry+https://github.com/rust-lang/crates.io-index)",
 "syn 0.11.6 (registry+https://github.com/rust-lang/crates.io-index)",
]

[[package]]
name = "skeptic"
version = "0.7.0"
source = "registry+https://github.com/rust-lang/crates.io-index"
dependencies = [
 "pulldown-cmark 0.0.8 (registry+https://github.com/rust-lang/crates.io-index)",
 "tempdir 0.3.5 (registry+https://github.com/rust-lang/crates.io-index)",
]

[[package]]
name = "syn"
version = "0.11.6"
source = "registry+https://github.com/rust-lang/crates.io-index"
dependencies = [
 "quote 0.3.13 (registry+https://github.com/rust-lang/crates.io-index)",
 "synom 0.11.0 (registry+https://github.com/rust-lang/crates.io-index)",
 "unicode-xid 0.0.4 (registry+https://github.com/rust-lang/crates.io-index)",
]

[[package]]
name = "synom"
version = "0.11.0"
source = "registry+https://github.com/rust-lang/crates.io-index"
dependencies = [
 "unicode-xid 0.0.4 (registry+https://github.com/rust-lang/crates.io-index)",
]

[[package]]
name = "tempdir"
version = "0.3.5"
source = "registry+https://github.com/rust-lang/crates.io-index"
dependencies = [
 "rand 0.3.15 (registry+https://github.com/rust-lang/crates.io-index)",
]

[[package]]
name = "toml"
version = "0.3.0"
source = "registry+https://github.com/rust-lang/crates.io-index"
dependencies = [
 "serde 0.9.9 (registry+https://github.com/rust-lang/crates.io-index)",
]

[[package]]
name = "unicode-xid"
version = "0.0.4"
source = "registry+https://github.com/rust-lang/crates.io-index"

[[package]]
name = "winapi"
version = "0.2.8"
source = "registry+https://github.com/rust-lang/crates.io-index"

[[package]]
name = "winapi-build"
version = "0.1.1"
source = "registry+https://github.com/rust-lang/crates.io-index"

[metadata]
"checksum backtrace 0.3.0 (registry+https://github.com/rust-lang/crates.io-index)" = "f551bc2ddd53aea015d453ef0b635af89444afa5ed2405dd0b2062ad5d600d80"
"checksum backtrace-sys 0.1.10 (registry+https://github.com/rust-lang/crates.io-index)" = "d192fd129132fbc97497c1f2ec2c2c5174e376b95f535199ef4fe0a293d33842"
"checksum bitflags 0.5.0 (registry+https://github.com/rust-lang/crates.io-index)" = "4f67931368edf3a9a51d29886d245f1c3db2f1ef0dcc9e35ff70341b78c10d23"
"checksum byteorder 1.0.0 (registry+https://github.com/rust-lang/crates.io-index)" = "c40977b0ee6b9885c9013cd41d9feffdd22deb3bb4dc3a71d901cc7a77de18c8"
"checksum cfg-if 0.1.0 (registry+https://github.com/rust-lang/crates.io-index)" = "de1e760d7b6535af4241fca8bd8adf68e2e7edacc6b29f5d399050c5e48cf88c"
"checksum dbghelp-sys 0.2.0 (registry+https://github.com/rust-lang/crates.io-index)" = "97590ba53bcb8ac28279161ca943a924d1fd4a8fb3fa63302591647c4fc5b850"
"checksum error-chain 0.8.1 (registry+https://github.com/rust-lang/crates.io-index)" = "6930e04918388a9a2e41d518c25cf679ccafe26733fb4127dbf21993f2575d46"
"checksum gcc 0.3.43 (registry+https://github.com/rust-lang/crates.io-index)" = "c07c758b972368e703a562686adb39125707cc1ef3399da8c019fc6c2498a75d"
"checksum getopts 0.2.14 (registry+https://github.com/rust-lang/crates.io-index)" = "d9047cfbd08a437050b363d35ef160452c5fe8ea5187ae0a624708c91581d685"
"checksum json 0.11.5 (registry+https://github.com/rust-lang/crates.io-index)" = "5e7eb285e773498f9473a6e2255feffe95db9c55579c7931a6db83c9e02a4673"
"checksum kernel32-sys 0.2.2 (registry+https://github.com/rust-lang/crates.io-index)" = "7507624b29483431c0ba2d82aece8ca6cdba9382bff4ddd0f7490560c056098d"
"checksum libc 0.2.20 (registry+https://github.com/rust-lang/crates.io-index)" = "684f330624d8c3784fb9558ca46c4ce488073a8d22450415c5eb4f4cfb0d11b5"
"checksum pulldown-cmark 0.0.8 (registry+https://github.com/rust-lang/crates.io-index)" = "1058d7bb927ca067656537eec4e02c2b4b70eaaa129664c5b90c111e20326f41"
"checksum quote 0.3.13 (registry+https://github.com/rust-lang/crates.io-index)" = "08de3f12e670f83f61e450443cbae34496a35b665691fd8e99b24ec662f75865"
"checksum rand 0.3.15 (registry+https://github.com/rust-lang/crates.io-index)" = "022e0636ec2519ddae48154b028864bdce4eaf7d35226ab8e65c611be97b189d"
"checksum rustc-demangle 0.1.3 (registry+https://github.com/rust-lang/crates.io-index)" = "1430d286cadb237c17c885e25447c982c97113926bb579f4379c0eca8d9586dc"
"checksum serde 0.9.9 (registry+https://github.com/rust-lang/crates.io-index)" = "05a67b8a53f885f4b6e3ed183806035819f9862474e747fe4488a6d63bcbfcb7"
"checksum serde_codegen_internals 0.14.0 (registry+https://github.com/rust-lang/crates.io-index)" = "a5113d5bd16471b183803b374f0fe4877ad9658b95e33b11f4a004d73aacc74a"
"checksum serde_derive 0.9.9 (registry+https://github.com/rust-lang/crates.io-index)" = "a85017d774504173e5f908f69790ad7616f535f4ea91d0cdc65676ea3c933709"
"checksum skeptic 0.7.0 (registry+https://github.com/rust-lang/crates.io-index)" = "47cea349248a53bda9dca7fd0bb60e46972bf4f6c57f26786d14c27111208312"
"checksum syn 0.11.6 (registry+https://github.com/rust-lang/crates.io-index)" = "0e28da8d02d75d1e58b89258e0741128f0b0d8a8309fb5c627be0fbd37a76c67"
"checksum synom 0.11.0 (registry+https://github.com/rust-lang/crates.io-index)" = "8fece1853fb872b0acdc3ff88f37c474018e125ef81cd4cb8c0ca515746b62ed"
"checksum tempdir 0.3.5 (registry+https://github.com/rust-lang/crates.io-index)" = "87974a6f5c1dfb344d733055601650059a3363de2a6104819293baff662132d6"
"checksum toml 0.3.0 (registry+https://github.com/rust-lang/crates.io-index)" = "08272367dd2e766db3fa38f068067d17aa6a9dfd7259af24b3927db92f1e0c2f"
"checksum unicode-xid 0.0.4 (registry+https://github.com/rust-lang/crates.io-index)" = "8c1f860d7d29cf02cb2f3f359fd35991af3d30bac52c57d265a3c461074cb4dc"
"checksum winapi 0.2.8 (registry+https://github.com/rust-lang/crates.io-index)" = "167dc9d6949a9b857f3451275e911c3f44255842c1f7a76f33c55103a909087a"
"checksum winapi-build 0.1.1 (registry+https://github.com/rust-lang/crates.io-index)" = "2d315eee3b34aca4797b2da6b13ed88266e6d612562a0c46390af8299fc699bc"
